
Microsoft Visual Studio Solution File, Format Version 12.00
# Visual Studio 15
VisualStudioVersion = 15.0.28307.539
MinimumVisualStudioVersion = 10.0.40219.1
Project("{FAE04EC0-301F-11D3-BF4B-00C04F79EFBC}") = "CuadrosDialogo", "CuadrosDialogo\CuadrosDialogo.csproj", "{859AD144-F7E7-407A-847D-72D3D3ABDBB1}"
EndProject
Global
	GlobalSection(SolutionConfigurationPlatforms) = preSolution
		Debug|Any CPU = Debug|Any CPU
		Release|Any CPU = Release|Any CPU
	EndGlobalSection
	GlobalSection(ProjectConfigurationPlatforms) = postSolution
		{859AD144-F7E7-407A-847D-72D3D3ABDBB1}.Debug|Any CPU.ActiveCfg = Debug|Any CPU
		{859AD144-F7E7-407A-847D-72D3D3ABDBB1}.Debug|Any CPU.Build.0 = Debug|Any CPU
		{859AD144-F7E7-407A-847D-72D3D3ABDBB1}.Release|Any CPU.ActiveCfg = Release|Any CPU
		{859AD144-F7E7-407A-847D-72D3D3ABDBB1}.Release|Any CPU.Build.0 = Release|Any CPU
	EndGlobalSection
	GlobalSection(SolutionProperties) = preSolution
		HideSolutionNode = FALSE
	EndGlobalSection
	GlobalSection(ExtensibilityGlobals) = postSolution
		SolutionGuid = {6133FFA0-4518-4B1C-8348-B32B3E21FD5B}
	EndGlobalSection
EndGlobal
